
Microsoft Visual Studio Solution File, Format Version 12.00
# Visual Studio Version 16
VisualStudioVersion = 16.0.29411.108
MinimumVisualStudioVersion = 10.0.40219.1
Project("{9A19103F-16F7-4668-BE54-9A1E7A4F7556}") = "Binaron.Serializer", "Binaron.Serializer\Binaron.Serializer.csproj", "{7A418C08-D0C0-4080-88C5-8A104C8D3FC1}"
EndProject
Project("{9A19103F-16F7-4668-BE54-9A1E7A4F7556}") = "Binaron.Serializer.Benchmark", "Binaron.Serializer.Benchmark\Binaron.Serializer.Benchmark.csproj", "{20A3FAA1-27F4-4001-8302-7FE5352AB066}"
EndProject
Project("{FAE04EC0-301F-11D3-BF4B-00C04F79EFBC}") = "Binaron.Serializer.Tests", "Binaron.Serializer.Tests\Binaron.Serializer.Tests.csproj", "{47AACE5E-DC48-42AB-8CBD-ADB1FA771E2B}"
EndProject
Global
	GlobalSection(SolutionConfigurationPlatforms) = preSolution
		Debug|Any CPU = Debug|Any CPU
		Release|Any CPU = Release|Any CPU
	EndGlobalSection
	GlobalSection(ProjectConfigurationPlatforms) = postSolution
		{7A418C08-D0C0-4080-88C5-8A104C8D3FC1}.Debug|Any CPU.ActiveCfg = Debug|Any CPU
		{7A418C08-D0C0-4080-88C5-8A104C8D3FC1}.Debug|Any CPU.Build.0 = Debug|Any CPU
		{7A418C08-D0C0-4080-88C5-8A104C8D3FC1}.Release|Any CPU.ActiveCfg = Release|Any CPU
		{7A418C08-D0C0-4080-88C5-8A104C8D3FC1}.Release|Any CPU.Build.0 = Release|Any CPU
		{20A3FAA1-27F4-4001-8302-7FE5352AB066}.Debug|Any CPU.ActiveCfg = Debug|Any CPU
		{20A3FAA1-27F4-4001-8302-7FE5352AB066}.Debug|Any CPU.Build.0 = Debug|Any CPU
		{20A3FAA1-27F4-4001-8302-7FE5352AB066}.Release|Any CPU.ActiveCfg = Release|Any CPU
		{20A3FAA1-27F4-4001-8302-7FE5352AB066}.Release|Any CPU.Build.0 = Release|Any CPU
		{47AACE5E-DC48-42AB-8CBD-ADB1FA771E2B}.Debug|Any CPU.ActiveCfg = Debug|Any CPU
		{47AACE5E-DC48-42AB-8CBD-ADB1FA771E2B}.Debug|Any CPU.Build.0 = Debug|Any CPU
		{47AACE5E-DC48-42AB-8CBD-ADB1FA771E2B}.Release|Any CPU.ActiveCfg = Release|Any CPU
		{47AACE5E-DC48-42AB-8CBD-ADB1FA771E2B}.Release|Any CPU.Build.0 = Release|Any CPU
	EndGlobalSection
	GlobalSection(SolutionProperties) = preSolution
		HideSolutionNode = FALSE
	EndGlobalSection
	GlobalSection(ExtensibilityGlobals) = postSolution
		SolutionGuid = {BD282BEE-F832-48AE-ABA4-40DB1F133E3F}
	EndGlobalSection
EndGlobal
